{
  "name": "languageserver-ts-neovim",
  "version": "1.0.0",
  "lockfileVersion": 1,
  "requires": true,
  "dependencies": {
    "ansi-color": {
      "version": "0.2.1",
      "resolved": "http://r.npm.sankuai.com/ansi-color/download/ansi-color-0.2.1.tgz",
      "integrity": "sha1-PnXAN0dSF1RO12Oo21cJ+prlv5o="
    },
    "ansi-styles": {
      "version": "3.2.0",
      "resolved": "http://r.npm.sankuai.com/ansi-styles/download/ansi-styles-3.2.0.tgz",
      "integrity": "sha1-wVm41b4PnlpvNG2rlPFs4CIWG4g=",
      "requires": {
        "color-convert": "1.9.1"
      }
    },
    "any-promise": {
      "version": "1.3.0",
      "resolved": "http://r.npm.sankuai.com/any-promise/download/any-promise-1.3.0.tgz",
      "integrity": "sha1-q8av7tzqUugJzcA3au0845Y10X8="
    },
    "assertion-error": {
      "version": "1.1.0",
      "resolved": "http://r.npm.sankuai.com/assertion-error/download/assertion-error-1.1.0.tgz",
      "integrity": "sha1-5gtrDo8wG9l+U3UhW9pAbIURjAs="
    },
    "balanced-match": {
      "version": "1.0.0",
      "resolved": "http://r.npm.sankuai.com/balanced-match/download/balanced-match-1.0.0.tgz",
      "integrity": "sha1-ibTRmasr7kneFk6gK4nORi1xt2c="
    },
    "brace-expansion": {
      "version": "1.1.8",
      "resolved": "http://r.npm.sankuai.com/brace-expansion/download/brace-expansion-1.1.8.tgz",
      "integrity": "sha1-wHshHHyVLsH479Uad+8NHTmQopI=",
      "requires": {
        "balanced-match": "1.0.0",
        "concat-map": "0.0.1"
      }
    },
    "bufrw": {
      "version": "1.2.1",
      "resolved": "http://r.npm.sankuai.com/bufrw/download/bufrw-1.2.1.tgz",
      "integrity": "sha1-k/IiIptPX14s1VkjaJFAf5hTZjs=",
      "requires": {
        "ansi-color": "0.2.1",
        "error": "7.0.2",
        "xtend": "4.0.1"
      }
    },
    "chai": {
      "version": "4.1.2",
      "resolved": "http://r.npm.sankuai.com/chai/download/chai-4.1.2.tgz",
      "integrity": "sha1-D2RYS6ZC8PKs4oBiefTwbKI61zw=",
      "requires": {
        "assertion-error": "1.1.0",
        "check-error": "1.0.2",
        "deep-eql": "3.0.1",
        "get-func-name": "2.0.0",
        "pathval": "1.1.0",
        "type-detect": "4.0.8"
      }
    },
    "chai-as-promised": {
      "version": "7.1.1",
      "resolved": "http://r.npm.sankuai.com/chai-as-promised/download/chai-as-promised-7.1.1.tgz",
      "integrity": "sha1-CGRdgl3rhpbuYXJdv1kMAS6wDKA=",
      "requires": {
        "check-error": "1.0.2"
      }
    },
    "chalk": {
      "version": "2.3.0",
      "resolved": "http://r.npm.sankuai.com/chalk/download/chalk-2.3.0.tgz",
      "integrity": "sha1-tepI78nBeT3MybR2fJORTT8tUro=",
      "requires": {
        "ansi-styles": "3.2.0",
        "escape-string-regexp": "1.0.5",
        "supports-color": "4.5.0"
      }
    },
    "check-error": {
      "version": "1.0.2",
      "resolved": "http://r.npm.sankuai.com/check-error/download/check-error-1.0.2.tgz",
      "integrity": "sha1-V00xLt2Iu13YkS6Sht1sCu1KrII="
    },
    "color-convert": {
      "version": "1.9.1",
      "resolved": "http://r.npm.sankuai.com/color-convert/download/color-convert-1.9.1.tgz",
      "integrity": "sha1-wSYRB66y8pTr/+ye2eytUppgl+0=",
      "requires": {
        "color-name": "1.1.3"
      }
    },
    "color-name": {
      "version": "1.1.3",
      "resolved": "http://r.npm.sankuai.com/color-name/download/color-name-1.1.3.tgz",
      "integrity": "sha1-p9BVi9icQveV3UIyj3QIMcpTvCU="
    },
    "commander": {
      "version": "2.14.0",
      "resolved": "http://r.npm.sankuai.com/commander/download/commander-2.14.0.tgz",
      "integrity": "sha1-eyUyWWPmqs4g06koWwk3mwwiCLU="
    },
    "concat-map": {
      "version": "0.0.1",
      "resolved": "http://r.npm.sankuai.com/concat-map/download/concat-map-0.0.1.tgz",
      "integrity": "sha1-2Klr13/Wjfd5OnMDajug1UBdR3s="
    },
    "deep-eql": {
      "version": "3.0.1",
      "resolved": "http://r.npm.sankuai.com/deep-eql/download/deep-eql-3.0.1.tgz",
      "integrity": "sha1-38lARACtHI/gI+faHfHBR8S0RN8=",
      "requires": {
        "type-detect": "4.0.8"
      }
    },
    "deep-equal": {
      "version": "1.0.1",
      "resolved": "http://r.npm.sankuai.com/deep-equal/download/deep-equal-1.0.1.tgz",
      "integrity": "sha1-9dJgKStmDghO/0zbyfCK0yR0SLU="
    },
    "error": {
      "version": "7.0.2",
      "resolved": "http://r.npm.sankuai.com/error/download/error-7.0.2.tgz",
      "integrity": "sha1-pfdf/02ZJhJt2sDqXcOOaJFTywI=",
      "requires": {
        "string-template": "0.2.1",
        "xtend": "4.0.1"
      }
    },
    "escape-string-regexp": {
      "version": "1.0.5",
      "resolved": "http://r.npm.sankuai.com/escape-string-regexp/download/escape-string-regexp-1.0.5.tgz",
      "integrity": "sha1-G2HAViGQqN/2rjuyzwIAyhMLhtQ="
    },
    "fast-json-patch": {
      "version": "2.0.6",
      "resolved": "http://r.npm.sankuai.com/fast-json-patch/download/fast-json-patch-2.0.6.tgz",
      "integrity": "sha1-hv/4+GYjkaqBlyKGTWMuYD5u5gU=",
      "requires": {
        "deep-equal": "1.0.1"
      }
    },
    "fs.realpath": {
      "version": "1.0.0",
      "resolved": "http://r.npm.sankuai.com/fs.realpath/download/fs.realpath-1.0.0.tgz",
      "integrity": "sha1-FQStJSMVjKpA20onh8sBQRmU6k8="
    },
    "get-func-name": {
      "version": "2.0.0",
      "resolved": "http://r.npm.sankuai.com/get-func-name/download/get-func-name-2.0.0.tgz",
      "integrity": "sha1-6td0q+5y4gQJQzoGY2YCPdaIekE="
    },
    "glob": {
      "version": "7.1.2",
      "resolved": "http://r.npm.sankuai.com/glob/download/glob-7.1.2.tgz",
      "integrity": "sha1-wZyd+aAocC1nhhI4SmVSQExjbRU=",
      "requires": {
        "fs.realpath": "1.0.0",
        "inflight": "1.0.6",
        "inherits": "2.0.3",
        "minimatch": "3.0.4",
        "once": "1.4.0",
        "path-is-absolute": "1.0.1"
      }
    },
    "has-flag": {
      "version": "2.0.0",
      "resolved": "http://r.npm.sankuai.com/has-flag/download/has-flag-2.0.0.tgz",
      "integrity": "sha1-6CB68cx7MNRGzHC3NLXovhj4jVE="
    },
    "inflight": {
      "version": "1.0.6",
      "resolved": "http://r.npm.sankuai.com/inflight/download/inflight-1.0.6.tgz",
      "integrity": "sha1-Sb1jMdfQLQwJvJEKEHW6gWW1bfk=",
      "requires": {
        "once": "1.4.0",
        "wrappy": "1.0.2"
      }
    },
    "inherits": {
      "version": "2.0.3",
      "resolved": "http://r.npm.sankuai.com/inherits/download/inherits-2.0.3.tgz",
      "integrity": "sha1-Yzwsg+PaQqUC9SRmAiSA9CCCYd4="
    },
    "iterare": {
      "version": "0.0.8",
      "resolved": "http://r.npm.sankuai.com/iterare/download/iterare-0.0.8.tgz",
      "integrity": "sha1-qWmoCh+/9rePKHdllNe8K9+raq0="
    },
    "jaeger-client": {
      "version": "3.8.0",
      "resolved": "http://r.npm.sankuai.com/jaeger-client/download/jaeger-client-3.8.0.tgz",
      "integrity": "sha1-JVkvlCIeLyXT1ZlzU1Qxrif2zhc=",
      "requires": {
        "node-int64": "0.4.0",
        "opentracing": "0.13.0",
        "thriftrw": "3.11.1",
        "xorshift": "0.2.1"
      },
      "dependencies": {
        "opentracing": {
          "version": "0.13.0",
          "resolved": "http://r.npm.sankuai.com/opentracing/download/opentracing-0.13.0.tgz",
          "integrity": "sha1-ajQUQvCdfYZrwR7QPeHjgo49aqs="
        }
      }
    },
    "javascript-typescript-langserver": {
      "version": "2.5.5",
      "resolved": "http://r.npm.sankuai.com/javascript-typescript-langserver/download/javascript-typescript-langserver-2.5.5.tgz",
      "integrity": "sha1-zOq+eHyeqAHGksXICUVyizDMnqM=",
      "requires": {
        "chai": "4.1.2",
        "chai-as-promised": "7.1.1",
        "chalk": "2.3.0",
        "commander": "2.14.0",
        "fast-json-patch": "2.0.6",
        "glob": "7.1.2",
        "iterare": "0.0.8",
        "jaeger-client": "3.8.0",
        "lodash": "4.17.5",
        "mz": "2.7.0",
        "object-hash": "1.2.0",
        "opentracing": "0.14.1",
        "rxjs": "5.5.6",
        "semaphore-async-await": "1.5.1",
        "string-similarity": "1.2.0",
        "typescript": "2.4.2",
        "vscode-jsonrpc": "3.5.0",
        "vscode-languageserver": "3.5.0",
        "vscode-languageserver-types": "3.5.0"
      }
    },
    "lodash": {
      "version": "4.17.5",
      "resolved": "http://r.npm.sankuai.com/lodash/download/lodash-4.17.5.tgz",
      "integrity": "sha1-maktZcAnLevoyWtgV7yPv6O+1RE="
    },
    "long": {
      "version": "2.4.0",
      "resolved": "http://r.npm.sankuai.com/long/download/long-2.4.0.tgz",
      "integrity": "sha1-n6GAux2VAM3CnEFWdmoZleH0Uk8="
    },
    "minimatch": {
      "version": "3.0.4",
      "resolved": "http://r.npm.sankuai.com/minimatch/download/minimatch-3.0.4.tgz",
      "integrity": "sha1-UWbihkV/AzBgZL5Ul+jbsMPTIIM=",
      "requires": {
        "brace-expansion": "1.1.8"
      }
    },
    "mz": {
      "version": "2.7.0",
      "resolved": "http://r.npm.sankuai.com/mz/download/mz-2.7.0.tgz",
      "integrity": "sha1-lQCAV6Vsr63CvGPd5/n/aVWUjjI=",
      "requires": {
        "any-promise": "1.3.0",
        "object-assign": "4.1.1",
        "thenify-all": "1.6.0"
      }
    },
    "node-int64": {
      "version": "0.4.0",
      "resolved": "http://r.npm.sankuai.com/node-int64/download/node-int64-0.4.0.tgz",
      "integrity": "sha1-h6kGXNs1XTGC2PlM4RGIuCXGijs="
    },
    "object-assign": {
      "version": "4.1.1",
      "resolved": "http://r.npm.sankuai.com/object-assign/download/object-assign-4.1.1.tgz",
      "integrity": "sha1-IQmtx5ZYh8/AXLvUQsrIv7s2CGM="
    },
    "object-hash": {
      "version": "1.2.0",
      "resolved": "http://r.npm.sankuai.com/object-hash/download/object-hash-1.2.0.tgz",
      "integrity": "sha1-6Wrw6WmBmWodR/iOrY908evEQis="
    },
    "once": {
      "version": "1.4.0",
      "resolved": "http://r.npm.sankuai.com/once/download/once-1.4.0.tgz",
      "integrity": "sha1-WDsap3WWHUsROsF9nFC6753Xa9E=",
      "requires": {
        "wrappy": "1.0.2"
      }
    },
    "opentracing": {
      "version": "0.14.1",
      "resolved": "http://r.npm.sankuai.com/opentracing/download/opentracing-0.14.1.tgz",
      "integrity": "sha1-QNJ4vupBdmCjXdnT7nZRH/qRHc0="
    },
    "path-is-absolute": {
      "version": "1.0.1",
      "resolved": "http://r.npm.sankuai.com/path-is-absolute/download/path-is-absolute-1.0.1.tgz",
      "integrity": "sha1-F0uSaHNVNP+8es5r9TpanhtcX18="
    },
    "pathval": {
      "version": "1.1.0",
      "resolved": "http://r.npm.sankuai.com/pathval/download/pathval-1.1.0.tgz",
      "integrity": "sha1-uULm1L3mUwBe9rcTYd74cn0GReA="
    },
    "rxjs": {
      "version": "5.5.6",
      "resolved": "http://r.npm.sankuai.com/rxjs/download/rxjs-5.5.6.tgz",
      "integrity": "sha1-4x+5bW/S/x/YS86orpwC0AcXnAI=",
      "requires": {
        "symbol-observable": "1.0.1"
      }
    },
    "semaphore-async-await": {
      "version": "1.5.1",
      "resolved": "http://r.npm.sankuai.com/semaphore-async-await/download/semaphore-async-await-1.5.1.tgz",
      "integrity": "sha1-hXvvXjZEYBykuVcLh+nfXKEpdPo="
    },
    "string-similarity": {
      "version": "1.2.0",
      "resolved": "http://r.npm.sankuai.com/string-similarity/download/string-similarity-1.2.0.tgz",
      "integrity": "sha1-11FTyzg4RjGLejmo2SkrtNtOnDA=",
      "requires": {
        "lodash": "4.17.5"
      }
    },
    "string-template": {
      "version": "0.2.1",
      "resolved": "http://r.npm.sankuai.com/string-template/download/string-template-0.2.1.tgz",
      "integrity": "sha1-QpMuWYo1LQH8IuwzZ9nYTuxsmt0="
    },
    "supports-color": {
      "version": "4.5.0",
      "resolved": "http://r.npm.sankuai.com/supports-color/download/supports-color-4.5.0.tgz",
      "integrity": "sha1-vnoN5ITexcXN34s9WRJQRJEvY1s=",
      "requires": {
        "has-flag": "2.0.0"
      }
    },
    "symbol-observable": {
      "version": "1.0.1",
      "resolved": "http://r.npm.sankuai.com/symbol-observable/download/symbol-observable-1.0.1.tgz",
      "integrity": "sha1-g0D8RwLDEi310iKI+IKD9RPT/dQ="
    },
    "thenify": {
      "version": "3.3.0",
      "resolved": "http://r.npm.sankuai.com/thenify/download/thenify-3.3.0.tgz",
      "integrity": "sha1-5p44obq+lpsBCCB5eLn2K4hgSDk=",
      "requires": {
        "any-promise": "1.3.0"
      }
    },
    "thenify-all": {
      "version": "1.6.0",
      "resolved": "http://r.npm.sankuai.com/thenify-all/download/thenify-all-1.6.0.tgz",
      "integrity": "sha1-GhkY1ALY/D+Y+/I02wvMjMEOlyY=",
      "requires": {
        "thenify": "3.3.0"
      }
    },
    "thriftrw": {
      "version": "3.11.1",
      "resolved": "http://r.npm.sankuai.com/thriftrw/download/thriftrw-3.11.1.tgz",
      "integrity": "sha1-Wi9RZdZluxleZl5bW5+Il9rCOsw=",
      "requires": {
        "bufrw": "1.2.1",
        "error": "7.0.2",
        "long": "2.4.0"
      }
    },
    "type-detect": {
      "version": "4.0.8",
      "resolved": "http://r.npm.sankuai.com/type-detect/download/type-detect-4.0.8.tgz",
      "integrity": "sha1-dkb7XxiHHPu3dJ5pvTmmOI63RQw="
    },
    "typescript": {
      "version": "2.4.2",
      "resolved": "http://r.npm.sankuai.com/typescript/download/typescript-2.4.2.tgz",
      "integrity": "sha1-+DlfhdRZJ2BnyYiqQYN6j4KHCEQ="
    },
    "vscode-jsonrpc": {
      "version": "3.5.0",
      "resolved": "http://r.npm.sankuai.com/vscode-jsonrpc/download/vscode-jsonrpc-3.5.0.tgz",
      "integrity": "sha1-hyOdnhZrLXNSJFuKgTWXgEwdY6o="
    },
    "vscode-languageserver": {
      "version": "3.5.0",
      "resolved": "http://r.npm.sankuai.com/vscode-languageserver/download/vscode-languageserver-3.5.0.tgz",
      "integrity": "sha1-0oCZvG3dqMHdFrcH5FThsd2uDbo=",
      "requires": {
        "vscode-languageserver-protocol": "3.5.0",
        "vscode-uri": "1.0.1"
      }
    },
    "vscode-languageserver-protocol": {
      "version": "3.5.0",
      "resolved": "http://r.npm.sankuai.com/vscode-languageserver-protocol/download/vscode-languageserver-protocol-3.5.0.tgz",
      "integrity": "sha1-Bnxcvidwl5U5jRGWksl+u6FFIgk=",
      "requires": {
        "vscode-jsonrpc": "3.5.0",
        "vscode-languageserver-types": "3.5.0"
      }
    },
    "vscode-languageserver-types": {
      "version": "3.5.0",
      "resolved": "http://r.npm.sankuai.com/vscode-languageserver-types/download/vscode-languageserver-types-3.5.0.tgz",
      "integrity": "sha1-5I15li8LjgLelV4/UkkI4rGcA3Q="
    },
    "vscode-uri": {
      "version": "1.0.1",
      "resolved": "http://r.npm.sankuai.com/vscode-uri/download/vscode-uri-1.0.1.tgz",
      "integrity": "sha1-Eahr7+rDxKo+wIYjZRo8gabQu8g="
    },
    "wrappy": {
      "version": "1.0.2",
      "resolved": "http://r.npm.sankuai.com/wrappy/download/wrappy-1.0.2.tgz",
      "integrity": "sha1-tSQ9jz7BqjXxNkYFvA0QNuMKtp8="
    },
    "xorshift": {
      "version": "0.2.1",
      "resolved": "http://r.npm.sankuai.com/xorshift/download/xorshift-0.2.1.tgz",
      "integrity": "sha1-/NgiZ+k1HBPw+5xzMH8lMx0pxjo="
    },
    "xtend": {
      "version": "4.0.1",
      "resolved": "http://r.npm.sankuai.com/xtend/download/xtend-4.0.1.tgz",
      "integrity": "sha1-pcbVMr5lbiPbgg77lDofBJmNY68="
    }
  }
}
